// !$*UTF8*$!
{
	archiveVersion = 1;
	classes = {
	};
	objectVersion = 48;
	objects = {

/* Begin PBXBuildFile section */
		8B13C9DD1F773AF400C47E29 /* DataBinder.swift in Sources */ = {isa = PBXBuildFile; fileRef = 8B13C9DC1F773AF400C47E29 /* DataBinder.swift */; };
		8BDAD91D1F7585E7009F7199 /* AppDelegate.swift in Sources */ = {isa = PBXBuildFile; fileRef = 8BDAD91C1F7585E7009F7199 /* AppDelegate.swift */; };
		8BDAD91F1F7585E7009F7199 /* ProductListVC.swift in Sources */ = {isa = PBXBuildFile; fileRef = 8BDAD91E1F7585E7009F7199 /* ProductListVC.swift */; };
		8BDAD9221F7585E7009F7199 /* Main.storyboard in Resources */ = {isa = PBXBuildFile; fileRef = 8BDAD9201F7585E7009F7199 /* Main.storyboard */; };
		8BDAD9251F7585E7009F7199 /* SamsClubHW.xcdatamodeld in Sources */ = {isa = PBXBuildFile; fileRef = 8BDAD9231F7585E7009F7199 /* SamsClubHW.xcdatamodeld */; };
		8BDAD9271F7585E7009F7199 /* Assets.xcassets in Resources */ = {isa = PBXBuildFile; fileRef = 8BDAD9261F7585E7009F7199 /* Assets.xcassets */; };
		8BDAD92A1F7585E7009F7199 /* LaunchScreen.storyboard in Resources */ = {isa = PBXBuildFile; fileRef = 8BDAD9281F7585E7009F7199 /* LaunchScreen.storyboard */; };
		8BDAD9351F7585E7009F7199 /* SamsClubHWTests.swift in Sources */ = {isa = PBXBuildFile; fileRef = 8BDAD9341F7585E7009F7199 /* SamsClubHWTests.swift */; };
		8BDAD9401F7585E7009F7199 /* SamsClubHWUITests.swift in Sources */ = {isa = PBXBuildFile; fileRef = 8BDAD93F1F7585E7009F7199 /* SamsClubHWUITests.swift */; };
		8BDAD94E1F7587CA009F7199 /* SamServer.swift in Sources */ = {isa = PBXBuildFile; fileRef = 8BDAD94D1F7587CA009F7199 /* SamServer.swift */; };
		8BDAD9501F758997009F7199 /* Constant.swift in Sources */ = {isa = PBXBuildFile; fileRef = 8BDAD94F1F758997009F7199 /* Constant.swift */; };
		8BDAD9521F75BF25009F7199 /* SamJsonToModel.swift in Sources */ = {isa = PBXBuildFile; fileRef = 8BDAD9511F75BF25009F7199 /* SamJsonToModel.swift */; };
		8BF18DB91F773D2F00B4B696 /* ProductListViewModel.swift in Sources */ = {isa = PBXBuildFile; fileRef = 8BF18DB81F773D2F00B4B696 /* ProductListViewModel.swift */; };
		8BF18DBB1F773D4900B4B696 /* ProductCellViewModel.swift in Sources */ = {isa = PBXBuildFile; fileRef = 8BF18DBA1F773D4900B4B696 /* ProductCellViewModel.swift */; };
		8BF18DBE1F7748D500B4B696 /* ProductCell.swift in Sources */ = {isa = PBXBuildFile; fileRef = 8BF18DBC1F7748D500B4B696 /* ProductCell.swift */; };
		8BF18DBF1F7748D500B4B696 /* ProductCell.xib in Resources */ = {isa = PBXBuildFile; fileRef = 8BF18DBD1F7748D500B4B696 /* ProductCell.xib */; };
		8BF18DC21F77620F00B4B696 /* SamProduct.swift in Sources */ = {isa = PBXBuildFile; fileRef = 8BF18DC11F77620F00B4B696 /* SamProduct.swift */; };
/* End PBXBuildFile section */

/* Begin PBXContainerItemProxy section */
		8BDAD9311F7585E7009F7199 /* PBXContainerItemProxy */ = {
			isa = PBXContainerItemProxy;
			containerPortal = 8BDAD9111F7585E7009F7199 /* Project object */;
			proxyType = 1;
			remoteGlobalIDString = 8BDAD9181F7585E7009F7199;
			remoteInfo = SamsClubHW;
		};
		8BDAD93C1F7585E7009F7199 /* PBXContainerItemProxy */ = {
			isa = PBXContainerItemProxy;
			containerPortal = 8BDAD9111F7585E7009F7199 /* Project object */;
			proxyType = 1;
			remoteGlobalIDString = 8BDAD9181F7585E7009F7199;
			remoteInfo = SamsClubHW;
		};
/* End PBXContainerItemProxy section */

/* Begin PBXFileReference section */
		8B13C9DC1F773AF400C47E29 /* DataBinder.swift */ = {isa = PBXFileReference; lastKnownFileType = sourcecode.swift; path = DataBinder.swift; sourceTree = "<group>"; };
		8BDAD9191F7585E7009F7199 /* SamsClubHW.app */ = {isa = PBXFileReference; explicitFileType = wrapper.application; includeInIndex = 0; path = SamsClubHW.app; sourceTree = BUILT_PRODUCTS_DIR; };
		8BDAD91C1F7585E7009F7199 /* AppDelegate.swift */ = {isa = PBXFileReference; lastKnownFileType = sourcecode.swift; path = AppDelegate.swift; sourceTree = "<group>"; };
		8BDAD91E1F7585E7009F7199 /* ProductListVC.swift */ = {isa = PBXFileReference; lastKnownFileType = sourcecode.swift; path = ProductListVC.swift; sourceTree = "<group>"; };
		8BDAD9211F7585E7009F7199 /* Base */ = {isa = PBXFileReference; lastKnownFileType = file.storyboard; name = Base; path = Base.lproj/Main.storyboard; sourceTree = "<group>"; };
		8BDAD9241F7585E7009F7199 /* SamsClubHW.xcdatamodel */ = {isa = PBXFileReference; lastKnownFileType = wrapper.xcdatamodel; path = SamsClubHW.xcdatamodel; sourceTree = "<group>"; };
		8BDAD9261F7585E7009F7199 /* Assets.xcassets */ = {isa = PBXFileReference; lastKnownFileType = folder.assetcatalog; path = Assets.xcassets; sourceTree = "<group>"; };
		8BDAD9291F7585E7009F7199 /* Base */ = {isa = PBXFileReference; lastKnownFileType = file.storyboard; name = Base; path = Base.lproj/LaunchScreen.storyboard; sourceTree = "<group>"; };
		8BDAD92B1F7585E7009F7199 /* Info.plist */ = {isa = PBXFileReference; lastKnownFileType = text.plist.xml; path = Info.plist; sourceTree = "<group>"; };
		8BDAD9301F7585E7009F7199 /* SamsClubHWTests.xctest */ = {isa = PBXFileReference; explicitFileType = wrapper.cfbundle; includeInIndex = 0; path = SamsClubHWTests.xctest; sourceTree = BUILT_PRODUCTS_DIR; };
		8BDAD9341F7585E7009F7199 /* SamsClubHWTests.swift */ = {isa = PBXFileReference; lastKnownFileType = sourcecode.swift; path = SamsClubHWTests.swift; sourceTree = "<group>"; };
		8BDAD9361F7585E7009F7199 /* Info.plist */ = {isa = PBXFileReference; lastKnownFileType = text.plist.xml; path = Info.plist; sourceTree = "<group>"; };
		8BDAD93B1F7585E7009F7199 /* SamsClubHWUITests.xctest */ = {isa = PBXFileReference; explicitFileType = wrapper.cfbundle; includeInIndex = 0; path = SamsClubHWUITests.xctest; sourceTree = BUILT_PRODUCTS_DIR; };
		8BDAD93F1F7585E7009F7199 /* SamsClubHWUITests.swift */ = {isa = PBXFileReference; lastKnownFileType = sourcecode.swift; path = SamsClubHWUITests.swift; sourceTree = "<group>"; };
		8BDAD9411F7585E7009F7199 /* Info.plist */ = {isa = PBXFileReference; lastKnownFileType = text.plist.xml; path = Info.plist; sourceTree = "<group>"; };
		8BDAD94D1F7587CA009F7199 /* SamServer.swift */ = {isa = PBXFileReference; lastKnownFileType = sourcecode.swift; path = SamServer.swift; sourceTree = "<group>"; };
		8BDAD94F1F758997009F7199 /* Constant.swift */ = {isa = PBXFileReference; lastKnownFileType = sourcecode.swift; path = Constant.swift; sourceTree = "<group>"; };
		8BDAD9511F75BF25009F7199 /* SamJsonToModel.swift */ = {isa = PBXFileReference; lastKnownFileType = sourcecode.swift; path = SamJsonToModel.swift; sourceTree = "<group>"; };
		8BF18DB81F773D2F00B4B696 /* ProductListViewModel.swift */ = {isa = PBXFileReference; lastKnownFileType = sourcecode.swift; path = ProductListViewModel.swift; sourceTree = "<group>"; };
		8BF18DBA1F773D4900B4B696 /* ProductCellViewModel.swift */ = {isa = PBXFileReference; lastKnownFileType = sourcecode.swift; path = ProductCellViewModel.swift; sourceTree = "<group>"; };
		8BF18DBC1F7748D500B4B696 /* ProductCell.swift */ = {isa = PBXFileReference; lastKnownFileType = sourcecode.swift; path = ProductCell.swift; sourceTree = "<group>"; };
		8BF18DBD1F7748D500B4B696 /* ProductCell.xib */ = {isa = PBXFileReference; lastKnownFileType = file.xib; path = ProductCell.xib; sourceTree = "<group>"; };
		8BF18DC11F77620F00B4B696 /* SamProduct.swift */ = {isa = PBXFileReference; lastKnownFileType = sourcecode.swift; path = SamProduct.swift; sourceTree = "<group>"; };
/* End PBXFileReference section */

/* Begin PBXFrameworksBuildPhase section */
		8BDAD9161F7585E7009F7199 /* Frameworks */ = {
			isa = PBXFrameworksBuildPhase;
			buildActionMask = 2147483647;
			files = (
			);
			runOnlyForDeploymentPostprocessing = 0;
		};
		8BDAD92D1F7585E7009F7199 /* Frameworks */ = {
			isa = PBXFrameworksBuildPhase;
			buildActionMask = 2147483647;
			files = (
			);
			runOnlyForDeploymentPostprocessing = 0;
		};
		8BDAD9381F7585E7009F7199 /* Frameworks */ = {
			isa = PBXFrameworksBuildPhase;
			buildActionMask = 2147483647;
			files = (
			);
			runOnlyForDeploymentPostprocessing = 0;
		};
/* End PBXFrameworksBuildPhase section */

/* Begin PBXGroup section */
		8BDAD9101F7585E7009F7199 = {
			isa = PBXGroup;
			children = (
				8BDAD91B1F7585E7009F7199 /* SamsClubHW */,
				8BDAD9331F7585E7009F7199 /* SamsClubHWTests */,
				8BDAD93E1F7585E7009F7199 /* SamsClubHWUITests */,
				8BDAD91A1F7585E7009F7199 /* Products */,
			);
			sourceTree = "<group>";
		};
		8BDAD91A1F7585E7009F7199 /* Products */ = {
			isa = PBXGroup;
			children = (
				8BDAD9191F7585E7009F7199 /* SamsClubHW.app */,
				8BDAD9301F7585E7009F7199 /* SamsClubHWTests.xctest */,
				8BDAD93B1F7585E7009F7199 /* SamsClubHWUITests.xctest */,
			);
			name = Products;
			sourceTree = "<group>";
		};
		8BDAD91B1F7585E7009F7199 /* SamsClubHW */ = {
			isa = PBXGroup;
			children = (
				8BDAD91C1F7585E7009F7199 /* AppDelegate.swift */,
				8BF18DB71F773D1700B4B696 /* ViewControllers */,
				8BF18DC31F77622300B4B696 /* Model */,
				8BF18DB51F773CFE00B4B696 /* Networking */,
				8BF18DC01F77491D00B4B696 /* TableViewCell */,
				8BF18DB61F773D0C00B4B696 /* ProductListViewModel */,
				8BDAD94F1F758997009F7199 /* Constant.swift */,
				8BDAD9201F7585E7009F7199 /* Main.storyboard */,
				8BDAD9261F7585E7009F7199 /* Assets.xcassets */,
				8BDAD9281F7585E7009F7199 /* LaunchScreen.storyboard */,
				8BDAD9231F7585E7009F7199 /* SamsClubHW.xcdatamodeld */,
				8BDAD92B1F7585E7009F7199 /* Info.plist */,
			);
			path = SamsClubHW;
			sourceTree = "<group>";
		};
		8BDAD9331F7585E7009F7199 /* SamsClubHWTests */ = {
			isa = PBXGroup;
			children = (
				8BDAD9341F7585E7009F7199 /* SamsClubHWTests.swift */,
				8BDAD9361F7585E7009F7199 /* Info.plist */,
			);
			path = SamsClubHWTests;
			sourceTree = "<group>";
		};
		8BDAD93E1F7585E7009F7199 /* SamsClubHWUITests */ = {
			isa = PBXGroup;
			children = (
				8BDAD93F1F7585E7009F7199 /* SamsClubHWUITests.swift */,
				8BDAD9411F7585E7009F7199 /* Info.plist */,
			);
			path = SamsClubHWUITests;
			sourceTree = "<group>";
		};
		8BF18DB51F773CFE00B4B696 /* Networking */ = {
			isa = PBXGroup;
			children = (
				8BDAD9511F75BF25009F7199 /* SamJsonToModel.swift */,
				8BDAD94D1F7587CA009F7199 /* SamServer.swift */,
			);
			path = Networking;
			sourceTree = "<group>";
		};
		8BF18DB61F773D0C00B4B696 /* ProductListViewModel */ = {
			isa = PBXGroup;
			children = (
				8B13C9DC1F773AF400C47E29 /* DataBinder.swift */,
				8BF18DB81F773D2F00B4B696 /* ProductListViewModel.swift */,
				8BF18DBA1F773D4900B4B696 /* ProductCellViewModel.swift */,
			);
			path = ProductListViewModel;
			sourceTree = "<group>";
		};
		8BF18DB71F773D1700B4B696 /* ViewControllers */ = {
			isa = PBXGroup;
			children = (
				8BDAD91E1F7585E7009F7199 /* ProductListVC.swift */,
			);
			path = ViewControllers;
			sourceTree = "<group>";
		};
		8BF18DC01F77491D00B4B696 /* TableViewCell */ = {
			isa = PBXGroup;
			children = (
				8BF18DBC1F7748D500B4B696 /* ProductCell.swift */,
				8BF18DBD1F7748D500B4B696 /* ProductCell.xib */,
			);
			path = TableViewCell;
			sourceTree = "<group>";
		};
		8BF18DC31F77622300B4B696 /* Model */ = {
			isa = PBXGroup;
			children = (
				8BF18DC11F77620F00B4B696 /* SamProduct.swift */,
			);
			path = Model;
			sourceTree = "<group>";
		};
/* End PBXGroup section */

/* Begin PBXNativeTarget section */
		8BDAD9181F7585E7009F7199 /* SamsClubHW */ = {
			isa = PBXNativeTarget;
			buildConfigurationList = 8BDAD9441F7585E7009F7199 /* Build configuration list for PBXNativeTarget "SamsClubHW" */;
			buildPhases = (
				8BDAD9151F7585E7009F7199 /* Sources */,
				8BDAD9161F7585E7009F7199 /* Frameworks */,
				8BDAD9171F7585E7009F7199 /* Resources */,
			);
			buildRules = (
			);
			dependencies = (
			);
			name = SamsClubHW;
			productName = SamsClubHW;
			productReference = 8BDAD9191F7585E7009F7199 /* SamsClubHW.app */;
			productType = "com.apple.product-type.application";
		};
		8BDAD92F1F7585E7009F7199 /* SamsClubHWTests */ = {
			isa = PBXNativeTarget;
			buildConfigurationList = 8BDAD9471F7585E7009F7199 /* Build configuration list for PBXNativeTarget "SamsClubHWTests" */;
			buildPhases = (
				8BDAD92C1F7585E7009F7199 /* Sources */,
				8BDAD92D1F7585E7009F7199 /* Frameworks */,
				8BDAD92E1F7585E7009F7199 /* Resources */,
			);
			buildRules = (
			);
			dependencies = (
				8BDAD9321F7585E7009F7199 /* PBXTargetDependency */,
			);
			name = SamsClubHWTests;
			productName = SamsClubHWTests;
			productReference = 8BDAD9301F7585E7009F7199 /* SamsClubHWTests.xctest */;
			productType = "com.apple.product-type.bundle.unit-test";
		};
		8BDAD93A1F7585E7009F7199 /* SamsClubHWUITests */ = {
			isa = PBXNativeTarget;
			buildConfigurationList = 8BDAD94A1F7585E7009F7199 /* Build configuration list for PBXNativeTarget "SamsClubHWUITests" */;
			buildPhases = (
				8BDAD9371F7585E7009F7199 /* Sources */,
				8BDAD9381F7585E7009F7199 /* Frameworks */,
				8BDAD9391F7585E7009F7199 /* Resources */,
			);
			buildRules = (
			);
			dependencies = (
				8BDAD93D1F7585E7009F7199 /* PBXTargetDependency */,
			);
			name = SamsClubHWUITests;
			productName = SamsClubHWUITests;
			productReference = 8BDAD93B1F7585E7009F7199 /* SamsClubHWUITests.xctest */;
			productType = "com.apple.product-type.bundle.ui-testing";
		};
/* End PBXNativeTarget section */

/* Begin PBXProject section */
		8BDAD9111F7585E7009F7199 /* Project object */ = {
			isa = PBXProject;
			attributes = {
				LastSwiftUpdateCheck = 0900;
				LastUpgradeCheck = 0900;
				ORGANIZATIONNAME = "Chi Hwa Michael Ting";
				TargetAttributes = {
					8BDAD9181F7585E7009F7199 = {
						CreatedOnToolsVersion = 9.0;
						ProvisioningStyle = Automatic;
					};
					8BDAD92F1F7585E7009F7199 = {
						CreatedOnToolsVersion = 9.0;
						ProvisioningStyle = Automatic;
						TestTargetID = 8BDAD9181F7585E7009F7199;
					};
					8BDAD93A1F7585E7009F7199 = {
						CreatedOnToolsVersion = 9.0;
						ProvisioningStyle = Automatic;
						TestTargetID = 8BDAD9181F7585E7009F7199;
					};
				};
			};
			buildConfigurationList = 8BDAD9141F7585E7009F7199 /* Build configuration list for PBXProject "SamsClubHW" */;
			compatibilityVersion = "Xcode 8.0";
			developmentRegion = en;
			hasScannedForEncodings = 0;
			knownRegions = (
				en,
				Base,
			);
			mainGroup = 8BDAD9101F7585E7009F7199;
			productRefGroup = 8BDAD91A1F7585E7009F7199 /* Products */;
			projectDirPath = "";
			projectRoot = "";
			targets = (
				8BDAD9181F7585E7009F7199 /* SamsClubHW */,
				8BDAD92F1F7585E7009F7199 /* SamsClubHWTests */,
				8BDAD93A1F7585E7009F7199 /* SamsClubHWUITests */,
			);
		};
/* End PBXProject section */

/* Begin PBXResourcesBuildPhase section */
		8BDAD9171F7585E7009F7199 /* Resources */ = {
			isa = PBXResourcesBuildPhase;
			buildActionMask = 2147483647;
			files = (
				8BDAD92A1F7585E7009F7199 /* LaunchScreen.storyboard in Resources */,
				8BF18DBF1F7748D500B4B696 /* ProductCell.xib in Resources */,
				8BDAD9271F7585E7009F7199 /* Assets.xcassets in Resources */,
				8BDAD9221F7585E7009F7199 /* Main.storyboard in Resources */,
			);
			runOnlyForDeploymentPostprocessing = 0;
		};
		8BDAD92E1F7585E7009F7199 /* Resources */ = {
			isa = PBXResourcesBuildPhase;
			buildActionMask = 2147483647;
			files = (
			);
			runOnlyForDeploymentPostprocessing = 0;
		};
		8BDAD9391F7585E7009F7199 /* Resources */ = {
			isa = PBXResourcesBuildPhase;
			buildActionMask = 2147483647;
			files = (
			);
			runOnlyForDeploymentPostprocessing = 0;
		};
/* End PBXResourcesBuildPhase section */

/* Begin PBXSourcesBuildPhase section */
		8BDAD9151F7585E7009F7199 /* Sources */ = {
			isa = PBXSourcesBuildPhase;
			buildActionMask = 2147483647;
			files = (
				8BDAD9521F75BF25009F7199 /* SamJsonToModel.swift in Sources */,
				8BF18DBB1F773D4900B4B696 /* ProductCellViewModel.swift in Sources */,
				8BDAD91F1F7585E7009F7199 /* ProductListVC.swift in Sources */,
				8BDAD91D1F7585E7009F7199 /* AppDelegate.swift in Sources */,
				8BF18DC21F77620F00B4B696 /* SamProduct.swift in Sources */,
				8BDAD9501F758997009F7199 /* Constant.swift in Sources */,
				8B13C9DD1F773AF400C47E29 /* DataBinder.swift in Sources */,
				8BDAD94E1F7587CA009F7199 /* SamServer.swift in Sources */,
				8BF18DBE1F7748D500B4B696 /* ProductCell.swift in Sources */,
				8BF18DB91F773D2F00B4B696 /* ProductListViewModel.swift in Sources */,
				8BDAD9251F7585E7009F7199 /* SamsClubHW.xcdatamodeld in Sources */,
			);
			runOnlyForDeploymentPostprocessing = 0;
		};
		8BDAD92C1F7585E7009F7199 /* Sources */ = {
			isa = PBXSourcesBuildPhase;
			buildActionMask = 2147483647;
			files = (
				8BDAD9351F7585E7009F7199 /* SamsClubHWTests.swift in Sources */,
			);
			runOnlyForDeploymentPostprocessing = 0;
		};
		8BDAD9371F7585E7009F7199 /* Sources */ = {
			isa = PBXSourcesBuildPhase;
			buildActionMask = 2147483647;
			files = (
				8BDAD9401F7585E7009F7199 /* SamsClubHWUITests.swift in Sources */,
			);
			runOnlyForDeploymentPostprocessing = 0;
		};
/* End PBXSourcesBuildPhase section */

/* Begin PBXTargetDependency section */
		8BDAD9321F7585E7009F7199 /* PBXTargetDependency */ = {
			isa = PBXTargetDependency;
			target = 8BDAD9181F7585E7009F7199 /* SamsClubHW */;
			targetProxy = 8BDAD9311F7585E7009F7199 /* PBXContainerItemProxy */;
		};
		8BDAD93D1F7585E7009F7199 /* PBXTargetDependency */ = {
			isa = PBXTargetDependency;
			target = 8BDAD9181F7585E7009F7199 /* SamsClubHW */;
			targetProxy = 8BDAD93C1F7585E7009F7199 /* PBXContainerItemProxy */;
		};
/* End PBXTargetDependency section */

/* Begin PBXVariantGroup section */
		8BDAD9201F7585E7009F7199 /* Main.storyboard */ = {
			isa = PBXVariantGroup;
			children = (
				8BDAD9211F7585E7009F7199 /* Base */,
			);
			name = Main.storyboard;
			sourceTree = "<group>";
		};
		8BDAD9281F7585E7009F7199 /* LaunchScreen.storyboard */ = {
			isa = PBXVariantGroup;
			children = (
				8BDAD9291F7585E7009F7199 /* Base */,
			);
			name = LaunchScreen.storyboard;
			sourceTree = "<group>";
		};
/* End PBXVariantGroup section */

/* Begin XCBuildConfiguration section */
		8BDAD9421F7585E7009F7199 /* Debug */ = {
			isa = XCBuildConfiguration;
			buildSettings = {
				ALWAYS_SEARCH_USER_PATHS = NO;
				CLANG_ANALYZER_NONNULL = YES;
				CLANG_ANALYZER_NUMBER_OBJECT_CONVERSION = YES_AGGRESSIVE;
				CLANG_CXX_LANGUAGE_STANDARD = "gnu++14";
				CLANG_CXX_LIBRARY = "libc++";
				CLANG_ENABLE_MODULES = YES;
				CLANG_ENABLE_OBJC_ARC = YES;
				CLANG_WARN_BLOCK_CAPTURE_AUTORELEASING = YES;
				CLANG_WARN_BOOL_CONVERSION = YES;
				CLANG_WARN_COMMA = YES;
				CLANG_WARN_CONSTANT_CONVERSION = YES;
				CLANG_WARN_DIRECT_OBJC_ISA_USAGE = YES_ERROR;
				CLANG_WARN_DOCUMENTATION_COMMENTS = YES;
				CLANG_WARN_EMPTY_BODY = YES;
				CLANG_WARN_ENUM_CONVERSION = YES;
				CLANG_WARN_INFINITE_RECURSION = YES;
				CLANG_WARN_INT_CONVERSION = YES;
				CLANG_WARN_NON_LITERAL_NULL_CONVERSION = YES;
				CLANG_WARN_OBJC_LITERAL_CONVERSION = YES;
				CLANG_WARN_OBJC_ROOT_CLASS = YES_ERROR;
				CLANG_WARN_RANGE_LOOP_ANALYSIS = YES;
				CLANG_WARN_STRICT_PROTOTYPES = YES;
				CLANG_WARN_SUSPICIOUS_MOVE = YES;
				CLANG_WARN_UNGUARDED_AVAILABILITY = YES_AGGRESSIVE;
				CLANG_WARN_UNREACHABLE_CODE = YES;
				CLANG_WARN__DUPLICATE_METHOD_MATCH = YES;
				CODE_SIGN_IDENTITY = "iPhone Developer";
				COPY_PHASE_STRIP = NO;
				DEBUG_INFORMATION_FORMAT = dwarf;
				ENABLE_STRICT_OBJC_MSGSEND = YES;
				ENABLE_TESTABILITY = YES;
				GCC_C_LANGUAGE_STANDARD = gnu11;
				GCC_DYNAMIC_NO_PIC = NO;
				GCC_NO_COMMON_BLOCKS = YES;
				GCC_OPTIMIZATION_LEVEL = 0;
				GCC_PREPROCESSOR_DEFINITIONS = (
					"DEBUG=1",
					"$(inherited)",
				);
				GCC_WARN_64_TO_32_BIT_CONVERSION = YES;
				GCC_WARN_ABOUT_RETURN_TYPE = YES_ERROR;
				GCC_WARN_UNDECLARED_SELECTOR = YES;
				GCC_WARN_UNINITIALIZED_AUTOS = YES_AGGRESSIVE;
				GCC_WARN_UNUSED_FUNCTION = YES;
				GCC_WARN_UNUSED_VARIABLE = YES;
				IPHONEOS_DEPLOYMENT_TARGET = 11.0;
				MTL_ENABLE_DEBUG_INFO = YES;
				ONLY_ACTIVE_ARCH = YES;
				SDKROOT = iphoneos;
				SWIFT_ACTIVE_COMPILATION_CONDITIONS = DEBUG;
				SWIFT_OPTIMIZATION_LEVEL = "-Onone";
			};
			name = Debug;
		};
		8BDAD9431F7585E7009F7199 /* Release */ = {
			isa = XCBuildConfiguration;
			buildSettings = {
				ALWAYS_SEARCH_USER_PATHS = NO;
				CLANG_ANALYZER_NONNULL = YES;
				CLANG_ANALYZER_NUMBER_OBJECT_CONVERSION = YES_AGGRESSIVE;
				CLANG_CXX_LANGUAGE_STANDARD = "gnu++14";
				CLANG_CXX_LIBRARY = "libc++";
				CLANG_ENABLE_MODULES = YES;
				CLANG_ENABLE_OBJC_ARC = YES;
				CLANG_WARN_BLOCK_CAPTURE_AUTORELEASING = YES;
				CLANG_WARN_BOOL_CONVERSION = YES;
				CLANG_WARN_COMMA = YES;
				CLANG_WARN_CONSTANT_CONVERSION = YES;
				CLANG_WARN_DIRECT_OBJC_ISA_USAGE = YES_ERROR;
				CLANG_WARN_DOCUMENTATION_COMMENTS = YES;
				CLANG_WARN_EMPTY_BODY = YES;
				CLANG_WARN_ENUM_CONVERSION = YES;
				CLANG_WARN_INFINITE_RECURSION = YES;
				CLANG_WARN_INT_CONVERSION = YES;
				CLANG_WARN_NON_LITERAL_NULL_CONVERSION = YES;
				CLANG_WARN_OBJC_LITERAL_CONVERSION = YES;
				CLANG_WARN_OBJC_ROOT_CLASS = YES_ERROR;
				CLANG_WARN_RANGE_LOOP_ANALYSIS = YES;
				CLANG_WARN_STRICT_PROTOTYPES = YES;
				CLANG_WARN_SUSPICIOUS_MOVE = YES;
				CLANG_WARN_UNGUARDED_AVAILABILITY = YES_AGGRESSIVE;
				CLANG_WARN_UNREACHABLE_CODE = YES;
				CLANG_WARN__DUPLICATE_METHOD_MATCH = YES;
				CODE_SIGN_IDENTITY = "iPhone Developer";
				COPY_PHASE_STRIP = NO;
				DEBUG_INFORMATION_FORMAT = "dwarf-with-dsym";
				ENABLE_NS_ASSERTIONS = NO;
				ENABLE_STRICT_OBJC_MSGSEND = YES;
				GCC_C_LANGUAGE_STANDARD = gnu11;
				GCC_NO_COMMON_BLOCKS = YES;
				GCC_WARN_64_TO_32_BIT_CONVERSION = YES;
				GCC_WARN_ABOUT_RETURN_TYPE = YES_ERROR;
				GCC_WARN_UNDECLARED_SELECTOR = YES;
				GCC_WARN_UNINITIALIZED_AUTOS = YES_AGGRESSIVE;
				GCC_WARN_UNUSED_FUNCTION = YES;
				GCC_WARN_UNUSED_VARIABLE = YES;
				IPHONEOS_DEPLOYMENT_TARGET = 11.0;
				MTL_ENABLE_DEBUG_INFO = NO;
				SDKROOT = iphoneos;
				SWIFT_OPTIMIZATION_LEVEL = "-Owholemodule";
				VALIDATE_PRODUCT = YES;
			};
			name = Release;
		};
		8BDAD9451F7585E7009F7199 /* Debug */ = {
			isa = XCBuildConfiguration;
			buildSettings = {
				ASSETCATALOG_COMPILER_APPICON_NAME = AppIcon;
				CODE_SIGN_STYLE = Automatic;
				DEVELOPMENT_TEAM = SDHBMW8ZGY;
				INFOPLIST_FILE = SamsClubHW/Info.plist;
				LD_RUNPATH_SEARCH_PATHS = "$(inherited) @executable_path/Frameworks";
				PRODUCT_BUNDLE_IDENTIFIER = today.detour.SamsClubHW;
				PRODUCT_NAME = "$(TARGET_NAME)";
				SWIFT_VERSION = 4.0;
				TARGETED_DEVICE_FAMILY = "1,2";
			};
			name = Debug;
		};
		8BDAD9461F7585E7009F7199 /* Release */ = {
			isa = XCBuildConfiguration;
			buildSettings = {
				ASSETCATALOG_COMPILER_APPICON_NAME = AppIcon;
				CODE_SIGN_STYLE = Automatic;
				DEVELOPMENT_TEAM = SDHBMW8ZGY;
				INFOPLIST_FILE = SamsClubHW/Info.plist;
				LD_RUNPATH_SEARCH_PATHS = "$(inherited) @executable_path/Frameworks";
				PRODUCT_BUNDLE_IDENTIFIER = today.detour.SamsClubHW;
				PRODUCT_NAME = "$(TARGET_NAME)";
				SWIFT_VERSION = 4.0;
				TARGETED_DEVICE_FAMILY = "1,2";
			};
			name = Release;
		};
		8BDAD9481F7585E7009F7199 /* Debug */ = {
			isa = XCBuildConfiguration;
			buildSettings = {
				ALWAYS_EMBED_SWIFT_STANDARD_LIBRARIES = YES;
				BUNDLE_LOADER = "$(TEST_HOST)";
				CODE_SIGN_STYLE = Automatic;
				DEVELOPMENT_TEAM = SDHBMW8ZGY;
				INFOPLIST_FILE = SamsClubHWTests/Info.plist;
				LD_RUNPATH_SEARCH_PATHS = "$(inherited) @executable_path/Frameworks @loader_path/Frameworks";
				PRODUCT_BUNDLE_IDENTIFIER = today.detour.SamsClubHWTests;
				PRODUCT_NAME = "$(TARGET_NAME)";
				SWIFT_VERSION = 4.0;
				TARGETED_DEVICE_FAMILY = "1,2";
				TEST_HOST = "$(BUILT_PRODUCTS_DIR)/SamsClubHW.app/SamsClubHW";
			};
			name = Debug;
		};
		8BDAD9491F7585E7009F7199 /* Release */ = {
			isa = XCBuildConfiguration;
			buildSettings = {
				ALWAYS_EMBED_SWIFT_STANDARD_LIBRARIES = YES;
				BUNDLE_LOADER = "$(TEST_HOST)";
				CODE_SIGN_STYLE = Automatic;
				DEVELOPMENT_TEAM = SDHBMW8ZGY;
				INFOPLIST_FILE = SamsClubHWTests/Info.plist;
				LD_RUNPATH_SEARCH_PATHS = "$(inherited) @executable_path/Frameworks @loader_path/Frameworks";
				PRODUCT_BUNDLE_IDENTIFIER = today.detour.SamsClubHWTests;
				PRODUCT_NAME = "$(TARGET_NAME)";
				SWIFT_VERSION = 4.0;
				TARGETED_DEVICE_FAMILY = "1,2";
				TEST_HOST = "$(BUILT_PRODUCTS_DIR)/SamsClubHW.app/SamsClubHW";
			};
			name = Release;
		};
		8BDAD94B1F7585E7009F7199 /* Debug */ = {
			isa = XCBuildConfiguration;
			buildSettings = {
				ALWAYS_EMBED_SWIFT_STANDARD_LIBRARIES = YES;
				CODE_SIGN_STYLE = Automatic;
				DEVELOPMENT_TEAM = SDHBMW8ZGY;
				INFOPLIST_FILE = SamsClubHWUITests/Info.plist;
				LD_RUNPATH_SEARCH_PATHS = "$(inherited) @executable_path/Frameworks @loader_path/Frameworks";
				PRODUCT_BUNDLE_IDENTIFIER = today.detour.SamsClubHWUITests;
				PRODUCT_NAME = "$(TARGET_NAME)";
				SWIFT_VERSION = 4.0;
				TARGETED_DEVICE_FAMILY = "1,2";
				TEST_TARGET_NAME = SamsClubHW;
			};
			name = Debug;
		};
		8BDAD94C1F7585E7009F7199 /* Release */ = {
			isa = XCBuildConfiguration;
			buildSettings = {
				ALWAYS_EMBED_SWIFT_STANDARD_LIBRARIES = YES;
				CODE_SIGN_STYLE = Automatic;
				DEVELOPMENT_TEAM = SDHBMW8ZGY;
				INFOPLIST_FILE = SamsClubHWUITests/Info.plist;
				LD_RUNPATH_SEARCH_PATHS = "$(inherited) @executable_path/Frameworks @loader_path/Frameworks";
				PRODUCT_BUNDLE_IDENTIFIER = today.detour.SamsClubHWUITests;
				PRODUCT_NAME = "$(TARGET_NAME)";
				SWIFT_VERSION = 4.0;
				TARGETED_DEVICE_FAMILY = "1,2";
				TEST_TARGET_NAME = SamsClubHW;
			};
			name = Release;
		};
/* End XCBuildConfiguration section */

/* Begin XCConfigurationList section */
		8BDAD9141F7585E7009F7199 /* Build configuration list for PBXProject "SamsClubHW" */ = {
			isa = XCConfigurationList;
			buildConfigurations = (
				8BDAD9421F7585E7009F7199 /* Debug */,
				8BDAD9431F7585E7009F7199 /* Release */,
			);
			defaultConfigurationIsVisible = 0;
			defaultConfigurationName = Release;
		};
		8BDAD9441F7585E7009F7199 /* Build configuration list for PBXNativeTarget "SamsClubHW" */ = {
			isa = XCConfigurationList;
			buildConfigurations = (
				8BDAD9451F7585E7009F7199 /* Debug */,
				8BDAD9461F7585E7009F7199 /* Release */,
			);
			defaultConfigurationIsVisible = 0;
			defaultConfigurationName = Release;
		};
		8BDAD9471F7585E7009F7199 /* Build configuration list for PBXNativeTarget "SamsClubHWTests" */ = {
			isa = XCConfigurationList;
			buildConfigurations = (
				8BDAD9481F7585E7009F7199 /* Debug */,
				8BDAD9491F7585E7009F7199 /* Release */,
			);
			defaultConfigurationIsVisible = 0;
			defaultConfigurationName = Release;
		};
		8BDAD94A1F7585E7009F7199 /* Build configuration list for PBXNativeTarget "SamsClubHWUITests" */ = {
			isa = XCConfigurationList;
			buildConfigurations = (
				8BDAD94B1F7585E7009F7199 /* Debug */,
				8BDAD94C1F7585E7009F7199 /* Release */,
			);
			defaultConfigurationIsVisible = 0;
			defaultConfigurationName = Release;
		};
/* End XCConfigurationList section */

/* Begin XCVersionGroup section */
		8BDAD9231F7585E7009F7199 /* SamsClubHW.xcdatamodeld */ = {
			isa = XCVersionGroup;
			children = (
				8BDAD9241F7585E7009F7199 /* SamsClubHW.xcdatamodel */,
			);
			currentVersion = 8BDAD9241F7585E7009F7199 /* SamsClubHW.xcdatamodel */;
			path = SamsClubHW.xcdatamodeld;
			sourceTree = "<group>";
			versionGroupType = wrapper.xcdatamodel;
		};
/* End XCVersionGroup section */
	};
	rootObject = 8BDAD9111F7585E7009F7199 /* Project object */;
}
